
Microsoft Visual Studio Solution File, Format Version 12.00
# Visual Studio Version 17
VisualStudioVersion = 17.8.34316.72
MinimumVisualStudioVersion = 10.0.40219.1
Project("{FAE04EC0-301F-11D3-BF4B-00C04F79EFBC}") = "MiSoap", "MiSoap\MiSoap.csproj", "{292DCB4A-826C-4161-ABFA-32E2268D473A}"
EndProject
Project("{FAE04EC0-301F-11D3-BF4B-00C04F79EFBC}") = "Cliente", "Cliente\Cliente.csproj", "{46DFADEA-41A0-41DC-B19D-15004E689D0A}"
	ProjectSection(ProjectDependencies) = postProject
		{292DCB4A-826C-4161-ABFA-32E2268D473A} = {292DCB4A-826C-4161-ABFA-32E2268D473A}
	EndProjectSection
EndProject
Global
	GlobalSection(SolutionConfigurationPlatforms) = preSolution
		Debug|Any CPU = Debug|Any CPU
		Release|Any CPU = Release|Any CPU
	EndGlobalSection
	GlobalSection(ProjectConfigurationPlatforms) = postSolution
		{292DCB4A-826C-4161-ABFA-32E2268D473A}.Debug|Any CPU.ActiveCfg = Debug|Any CPU
		{292DCB4A-826C-4161-ABFA-32E2268D473A}.Debug|Any CPU.Build.0 = Debug|Any CPU
		{292DCB4A-826C-4161-ABFA-32E2268D473A}.Release|Any CPU.ActiveCfg = Release|Any CPU
		{292DCB4A-826C-4161-ABFA-32E2268D473A}.Release|Any CPU.Build.0 = Release|Any CPU
		{46DFADEA-41A0-41DC-B19D-15004E689D0A}.Debug|Any CPU.ActiveCfg = Debug|Any CPU
		{46DFADEA-41A0-41DC-B19D-15004E689D0A}.Debug|Any CPU.Build.0 = Debug|Any CPU
		{46DFADEA-41A0-41DC-B19D-15004E689D0A}.Release|Any CPU.ActiveCfg = Release|Any CPU
		{46DFADEA-41A0-41DC-B19D-15004E689D0A}.Release|Any CPU.Build.0 = Release|Any CPU
	EndGlobalSection
	GlobalSection(SolutionProperties) = preSolution
		HideSolutionNode = FALSE
	EndGlobalSection
	GlobalSection(ExtensibilityGlobals) = postSolution
		SolutionGuid = {E0DAEF24-06F0-4656-B5F1-EA7ACB944FBF}
	EndGlobalSection
EndGlobal
